
Microsoft Visual Studio Solution File, Format Version 12.00
# Visual Studio 16
VisualStudioVersion = 16.0.29209.62
MinimumVisualStudioVersion = 10.0.40219.1
Project("{FAE04EC0-301F-11D3-BF4B-00C04F79EFBC}") = "Interlocks", "Interlocks\Interlocks.csproj", "{180297c0-81d1-4d91-9e41-8589cacbc200}"
EndProject
Project("{2150E333-8FDC-42A3-9474-1A3956D46DE8}") = "Build Items", "Build Items", "{ac928f2b-a260-46f5-8580-a7c12a9b7fd1}"
	ProjectSection(SolutionItems) = preProject
		..\build.cake = ..\build.cake
		..\README.md = ..\README.md
		..\RELEASES.md = ..\RELEASES.md
		..\Run.cake = ..\Run.cake
		..\Run.cmd = ..\Run.cmd
		..\RunNuGet.cake = ..\RunNuGet.cake
		..\RunNuGet.cmd = ..\RunNuGet.cmd
		..\Source\Interlocks.nuspec = ..\Source\Interlocks.nuspec

	EndProjectSection
EndProject
Project("{2150E333-8FDC-42A3-9474-1A3956D46DE8}") = "Tools Items", "Tools Items", "{523256f6-9691-4b36-ae5c-d6ab37660a5e}"
	ProjectSection(SolutionItems) = preProject
		..\Tools\clone-global-settings.cmd = ..\Tools\clone-global-settings.cmd
		..\Tools\clone-resources.cmd = ..\Tools\clone-resources.cmd
	EndProjectSection
EndProject
Global
	GlobalSection(SolutionConfigurationPlatforms) = preSolution
		Debug|Any CPU = Debug|Any CPU
		Release|Any CPU = Release|Any CPU
	EndGlobalSection
	GlobalSection(ProjectConfigurationPlatforms) = postSolution
		{180297c0-81d1-4d91-9e41-8589cacbc200}.Debug|Any CPU.ActiveCfg = Debug|Any CPU
		{180297c0-81d1-4d91-9e41-8589cacbc200}.Debug|Any CPU.Build.0 = Debug|Any CPU
		{180297c0-81d1-4d91-9e41-8589cacbc200}.Release|Any CPU.ActiveCfg = Release|Any CPU
		{180297c0-81d1-4d91-9e41-8589cacbc200}.Release|Any CPU.Build.0 = Release|Any CPU
	EndGlobalSection
	GlobalSection(SolutionProperties) = preSolution
		HideSolutionNode = FALSE
	EndGlobalSection
	GlobalSection(ExtensibilityGlobals) = postSolution
		SolutionGuid = {18c3a81a-529c-4107-a57f-941c23118e7e}
	EndGlobalSection
EndGlobal
